<?xml version="1.0" encoding="utf-8"?>
<Project ToolsVersion="4.0" xmlns="http://schemas.microsoft.com/developer/msbuild/2003">
  <ItemGroup>
    <Filter Include="源文件">
      <UniqueIdentifier>{4FC737F1-C7A5-4376-A066-2A32D752A2FF}</UniqueIdentifier>
      <Extensions>cpp;c;cc;cxx;def;odl;idl;hpj;bat;asm;asmx</Extensions>
    </Filter>
    <Filter Include="头文件">
      <UniqueIdentifier>{93995380-89BD-4b04-88EB-625FBE52EBFB}</UniqueIdentifier>
      <Extensions>h;hh;hpp;hxx;hm;inl;inc;xsd</Extensions>
    </Filter>
    <Filter Include="资源文件">
      <UniqueIdentifier>{67DA6AB6-F800-4c08-8B7A-83BB121AAD01}</UniqueIdentifier>
      <Extensions>rc;ico;cur;bmp;dlg;rc2;rct;bin;rgs;gif;jpg;jpeg;jpe;resx;tiff;tif;png;wav;mfcribbon-ms</Extensions>
    </Filter>
    <Filter Include="源文件\创建型模式">
      <UniqueIdentifier>{108749ba-6acc-420c-bf74-081bd647b838}</UniqueIdentifier>
    </Filter>
    <Filter Include="源文件\结构型模式">
      <UniqueIdentifier>{4dc2c1f6-48ec-4f51-8708-32f0bcd929aa}</UniqueIdentifier>
    </Filter>
    <Filter Include="源文件\行为型模式">
      <UniqueIdentifier>{052b5010-0793-4b47-969e-b49e4404b7a0}</UniqueIdentifier>
    </Filter>
  </ItemGroup>
  <ItemGroup>
    <ClCompile Include="享元模式FlyweightPattern.cpp">
      <Filter>源文件\结构型模式</Filter>
    </ClCompile>
    <ClCompile Include="外观模式FacadePattern.cpp">
      <Filter>源文件\结构型模式</Filter>
    </ClCompile>
    <ClCompile Include="装饰模式DecoratorPattern.cpp">
      <Filter>源文件\结构型模式</Filter>
    </ClCompile>
    <ClCompile Include="装饰模式2DecoratorPattern.cpp">
      <Filter>源文件\结构型模式</Filter>
    </ClCompile>
    <ClCompile Include="适配器模式3AdapterPattern.cpp">
      <Filter>源文件\结构型模式</Filter>
    </ClCompile>
    <ClCompile Include="适配器模式2AdapterPattern.cpp">
      <Filter>源文件\结构型模式</Filter>
    </ClCompile>
    <ClCompile Include="适配器模式AdapterPattern.cpp">
      <Filter>源文件\结构型模式</Filter>
    </ClCompile>
    <ClCompile Include="桥接模式BridgePattern.cpp">
      <Filter>源文件\结构型模式</Filter>
    </ClCompile>
    <ClCompile Include="桥接模式2BridgePattern.cpp">
      <Filter>源文件\结构型模式</Filter>
    </ClCompile>
    <ClCompile Include="抽象工厂模式AbstractFactory.cpp">
      <Filter>源文件\创建型模式</Filter>
    </ClCompile>
    <ClCompile Include="单例模式SingletonPattern.cpp">
      <Filter>源文件\创建型模式</Filter>
    </ClCompile>
    <ClCompile Include="建造者模式BuilderPattern.cpp">
      <Filter>源文件\创建型模式</Filter>
    </ClCompile>
    <ClCompile Include="工厂方法模式FactoryMethodPattern.cpp">
      <Filter>源文件\创建型模式</Filter>
    </ClCompile>
    <ClCompile Include="简单工厂模式SimpleFactoryPattern.cpp">
      <Filter>源文件\创建型模式</Filter>
    </ClCompile>
    <ClCompile Include="原型模式PrototypePattern.cpp">
      <Filter>源文件\创建型模式</Filter>
    </ClCompile>
    <ClCompile Include="代理模式ProxyPattern.cpp">
      <Filter>源文件\结构型模式</Filter>
    </ClCompile>
    <ClCompile Include="代理模式2ProxyPattern.cpp">
      <Filter>源文件\结构型模式</Filter>
    </ClCompile>
    <ClCompile Include="中介者模式MediatorPattern.cpp">
      <Filter>源文件\行为型模式</Filter>
    </ClCompile>
    <ClCompile Include="状态模式StatePattern.cpp">
      <Filter>源文件\行为型模式</Filter>
    </ClCompile>
    <ClCompile Include="观察者模式ObserverPattern.cpp">
      <Filter>源文件\行为型模式</Filter>
    </ClCompile>
    <ClCompile Include="命令模式CommandPattern.cpp">
      <Filter>源文件\行为型模式</Filter>
    </ClCompile>
    <ClCompile Include="策略模式StrategyPattern.cpp">
      <Filter>源文件\行为型模式</Filter>
    </ClCompile>
    <ClCompile Include="职责链模式ChainofResponsibilityPattern.cpp">
      <Filter>源文件\行为型模式</Filter>
    </ClCompile>
    <ClCompile Include="备忘录模式MementoPattern.cpp">
      <Filter>源文件\行为型模式</Filter>
    </ClCompile>
    <ClCompile Include="命令模式2CommandPattern.cpp">
      <Filter>源文件\行为型模式</Filter>
    </ClCompile>
  </ItemGroup>
</Project>